
Microsoft Visual Studio Solution File, Format Version 12.00
# Visual Studio Version 17
VisualStudioVersion = 17.4.33213.308
MinimumVisualStudioVersion = 10.0.40219.1
Project("{FAE04EC0-301F-11D3-BF4B-00C04F79EFBC}") = "ManejoPresupuesto", "ManejoPresupuesto\ManejoPresupuesto.csproj", "{44DF4295-7838-4E47-82A7-C902E02D93CF}"
EndProject
Global
	GlobalSection(SolutionConfigurationPlatforms) = preSolution
		Debug|Any CPU = Debug|Any CPU
		Release|Any CPU = Release|Any CPU
	EndGlobalSection
	GlobalSection(ProjectConfigurationPlatforms) = postSolution
		{44DF4295-7838-4E47-82A7-C902E02D93CF}.Debug|Any CPU.ActiveCfg = Debug|Any CPU
		{44DF4295-7838-4E47-82A7-C902E02D93CF}.Debug|Any CPU.Build.0 = Debug|Any CPU
		{44DF4295-7838-4E47-82A7-C902E02D93CF}.Release|Any CPU.ActiveCfg = Release|Any CPU
		{44DF4295-7838-4E47-82A7-C902E02D93CF}.Release|Any CPU.Build.0 = Release|Any CPU
	EndGlobalSection
	GlobalSection(SolutionProperties) = preSolution
		HideSolutionNode = FALSE
	EndGlobalSection
	GlobalSection(ExtensibilityGlobals) = postSolution
		SolutionGuid = {BB42994C-BAE3-4293-ABAD-35AA9918451B}
	EndGlobalSection
EndGlobal
